
Microsoft Visual Studio Solution File, Format Version 12.00
# Visual Studio Version 17
VisualStudioVersion = 17.7.34031.279
MinimumVisualStudioVersion = 10.0.40219.1
Project("{FAE04EC0-301F-11D3-BF4B-00C04F79EFBC}") = "CarBookingWebApi", "CarBookingWebApi\CarBookingWebApi.csproj", "{8E03F921-ADA6-4A1C-ABEF-9852F9AECBB9}"
EndProject
Project("{FAE04EC0-301F-11D3-BF4B-00C04F79EFBC}") = "DAL", "DAL\DAL.csproj", "{48980F9F-1128-4647-A751-63E23F542392}"
EndProject
Project("{FAE04EC0-301F-11D3-BF4B-00C04F79EFBC}") = "ServiceLayer", "ServiceLayer\ServiceLayer.csproj", "{512B77A5-6B31-4F37-8822-3B97C65D470D}"
EndProject
Global
	GlobalSection(SolutionConfigurationPlatforms) = preSolution
		Debug|Any CPU = Debug|Any CPU
		Release|Any CPU = Release|Any CPU
	EndGlobalSection
	GlobalSection(ProjectConfigurationPlatforms) = postSolution
		{8E03F921-ADA6-4A1C-ABEF-9852F9AECBB9}.Debug|Any CPU.ActiveCfg = Debug|Any CPU
		{8E03F921-ADA6-4A1C-ABEF-9852F9AECBB9}.Debug|Any CPU.Build.0 = Debug|Any CPU
		{8E03F921-ADA6-4A1C-ABEF-9852F9AECBB9}.Release|Any CPU.ActiveCfg = Release|Any CPU
		{8E03F921-ADA6-4A1C-ABEF-9852F9AECBB9}.Release|Any CPU.Build.0 = Release|Any CPU
		{48980F9F-1128-4647-A751-63E23F542392}.Debug|Any CPU.ActiveCfg = Debug|Any CPU
		{48980F9F-1128-4647-A751-63E23F542392}.Debug|Any CPU.Build.0 = Debug|Any CPU
		{48980F9F-1128-4647-A751-63E23F542392}.Release|Any CPU.ActiveCfg = Release|Any CPU
		{48980F9F-1128-4647-A751-63E23F542392}.Release|Any CPU.Build.0 = Release|Any CPU
		{512B77A5-6B31-4F37-8822-3B97C65D470D}.Debug|Any CPU.ActiveCfg = Debug|Any CPU
		{512B77A5-6B31-4F37-8822-3B97C65D470D}.Debug|Any CPU.Build.0 = Debug|Any CPU
		{512B77A5-6B31-4F37-8822-3B97C65D470D}.Release|Any CPU.ActiveCfg = Release|Any CPU
		{512B77A5-6B31-4F37-8822-3B97C65D470D}.Release|Any CPU.Build.0 = Release|Any CPU
	EndGlobalSection
	GlobalSection(SolutionProperties) = preSolution
		HideSolutionNode = FALSE
	EndGlobalSection
	GlobalSection(ExtensibilityGlobals) = postSolution
		SolutionGuid = {77897C8F-B8E5-4C53-8D64-9D0980024067}
	EndGlobalSection
EndGlobal
